
Microsoft Visual Studio Solution File, Format Version 12.00
# Visual Studio 15
VisualStudioVersion = 15.0.26430.14
MinimumVisualStudioVersion = 10.0.40219.1
Project("{FAE04EC0-301F-11D3-BF4B-00C04F79EFBC}") = "WirelessLoginConsole", "WirelessLoginConsole\WirelessLoginConsole.csproj", "{4B5A6D00-69E6-4D95-B629-88852FBFF81B}"
EndProject
Project("{FAE04EC0-301F-11D3-BF4B-00C04F79EFBC}") = "WiredLoginConsole", "WiredLoginConsole\WiredLoginConsole.csproj", "{F2059DC6-1119-499B-A18C-BCA05C346B1E}"
EndProject
Global
	GlobalSection(SolutionConfigurationPlatforms) = preSolution
		Debug|Any CPU = Debug|Any CPU
		Release|Any CPU = Release|Any CPU
	EndGlobalSection
	GlobalSection(ProjectConfigurationPlatforms) = postSolution
		{4B5A6D00-69E6-4D95-B629-88852FBFF81B}.Debug|Any CPU.ActiveCfg = Debug|Any CPU
		{4B5A6D00-69E6-4D95-B629-88852FBFF81B}.Debug|Any CPU.Build.0 = Debug|Any CPU
		{4B5A6D00-69E6-4D95-B629-88852FBFF81B}.Release|Any CPU.ActiveCfg = Release|Any CPU
		{4B5A6D00-69E6-4D95-B629-88852FBFF81B}.Release|Any CPU.Build.0 = Release|Any CPU
		{F2059DC6-1119-499B-A18C-BCA05C346B1E}.Debug|Any CPU.ActiveCfg = Debug|Any CPU
		{F2059DC6-1119-499B-A18C-BCA05C346B1E}.Debug|Any CPU.Build.0 = Debug|Any CPU
		{F2059DC6-1119-499B-A18C-BCA05C346B1E}.Release|Any CPU.ActiveCfg = Release|Any CPU
		{F2059DC6-1119-499B-A18C-BCA05C346B1E}.Release|Any CPU.Build.0 = Release|Any CPU
	EndGlobalSection
	GlobalSection(SolutionProperties) = preSolution
		HideSolutionNode = FALSE
	EndGlobalSection
EndGlobal
